%{
  "bunt": {:hex, :bunt, "1.0.0", "081c2c665f086849e6d57900292b3a161727ab40431219529f13c4ddcf3e7a44", [:mix], [], "hexpm", "dc5f86aa08a5f6fa6b8096f0735c4e76d54ae5c9fa2c143e5a1fc7c1cd9bb6b5"},
  "credo": {:hex, :credo, "1.7.5", "643213503b1c766ec0496d828c90c424471ea54da77c8a168c725686377b9545", [:mix], [{:bunt, "~> 0.2.1 or ~> 1.0", [hex: :bunt, repo: "hexpm", optional: false]}, {:file_system, "~> 0.2 or ~> 1.0", [hex: :file_system, repo: "hexpm", optional: false]}, {:jason, "~> 1.0", [hex: :jason, repo: "hexpm", optional: false]}], "hexpm", "f799e9b5cd1891577d8c773d245668aa74a2fcd15eb277f51a0131690ebfb3fd"},
  "decimal": {:hex, :decimal, "2.1.1", "5611dca5d4b2c3dd497dec8f68751f1f1a54755e8ed2a966c2633cf885973ad6", [:mix], [], "hexpm", "53cfe5f497ed0e7771ae1a475575603d77425099ba5faef9394932b35020ffcc"},
  "dialyxir": {:hex, :dialyxir, "1.4.3", "edd0124f358f0b9e95bfe53a9fcf806d615d8f838e2202a9f430d59566b6b53b", [:mix], [{:erlex, ">= 0.2.6", [hex: :erlex, repo: "hexpm", optional: false]}], "hexpm", "bf2cfb75cd5c5006bec30141b131663299c661a864ec7fbbc72dfa557487a986"},
  "earmark_parser": {:hex, :earmark_parser, "1.4.12", "b245e875ec0a311a342320da0551da407d9d2b65d98f7a9597ae078615af3449", [:mix], [], "hexpm", "711e2cc4d64abb7d566d43f54b78f7dc129308a63bc103fbd88550d2174b3160"},
  "ecto": {:hex, :ecto, "3.11.2", "e1d26be989db350a633667c5cda9c3d115ae779b66da567c68c80cfb26a8c9ee", [:mix], [{:decimal, "~> 2.0", [hex: :decimal, repo: "hexpm", optional: false]}, {:jason, "~> 1.0", [hex: :jason, repo: "hexpm", optional: true]}, {:telemetry, "~> 0.4 or ~> 1.0", [hex: :telemetry, repo: "hexpm", optional: false]}], "hexpm", "3c38bca2c6f8d8023f2145326cc8a80100c3ffe4dcbd9842ff867f7fc6156c65"},
  "erlex": {:hex, :erlex, "0.2.6", "c7987d15e899c7a2f34f5420d2a2ea0d659682c06ac607572df55a43753aa12e", [:mix], [], "hexpm", "2ed2e25711feb44d52b17d2780eabf998452f6efda104877a3881c2f8c0c0c75"},
  "ex_doc": {:hex, :ex_doc, "0.23.0", "a069bc9b0bf8efe323ecde8c0d62afc13d308b1fa3d228b65bca5cf8703a529d", [:mix], [{:earmark_parser, "~> 1.4.0", [hex: :earmark_parser, repo: "hexpm", optional: false]}, {:makeup_elixir, "~> 0.14", [hex: :makeup_elixir, repo: "hexpm", optional: false]}], "hexpm", "f5e2c4702468b2fd11b10d39416ddadd2fcdd173ba2a0285ebd92c39827a5a16"},
  "file_system": {:hex, :file_system, "1.0.0", "b689cc7dcee665f774de94b5a832e578bd7963c8e637ef940cd44327db7de2cd", [:mix], [], "hexpm", "6752092d66aec5a10e662aefeed8ddb9531d79db0bc145bb8c40325ca1d8536d"},
  "jason": {:hex, :jason, "1.4.1", "af1504e35f629ddcdd6addb3513c3853991f694921b1b9368b0bd32beb9f1b63", [:mix], [{:decimal, "~> 1.0 or ~> 2.0", [hex: :decimal, repo: "hexpm", optional: true]}], "hexpm", "fbb01ecdfd565b56261302f7e1fcc27c4fb8f32d56eab74db621fc154604a7a1"},
  "makeup": {:hex, :makeup, "1.0.5", "d5a830bc42c9800ce07dd97fa94669dfb93d3bf5fcf6ea7a0c67b2e0e4a7f26c", [:mix], [{:nimble_parsec, "~> 0.5 or ~> 1.0", [hex: :nimble_parsec, repo: "hexpm", optional: false]}], "hexpm", "cfa158c02d3f5c0c665d0af11512fed3fba0144cf1aadee0f2ce17747fba2ca9"},
  "makeup_elixir": {:hex, :makeup_elixir, "0.15.1", "b5888c880d17d1cc3e598f05cdb5b5a91b7b17ac4eaf5f297cb697663a1094dd", [:mix], [{:makeup, "~> 1.0", [hex: :makeup, repo: "hexpm", optional: false]}, {:nimble_parsec, "~> 1.1", [hex: :nimble_parsec, repo: "hexpm", optional: false]}], "hexpm", "db68c173234b07ab2a07f645a5acdc117b9f99d69ebf521821d89690ae6c6ec8"},
  "mime": {:hex, :mime, "1.5.0", "203ef35ef3389aae6d361918bf3f952fa17a09e8e43b5aa592b93eba05d0fb8d", [:mix], [], "hexpm", "55a94c0f552249fc1a3dd9cd2d3ab9de9d3c89b559c2bd01121f824834f24746"},
  "nimble_parsec": {:hex, :nimble_parsec, "1.1.0", "3a6fca1550363552e54c216debb6a9e95bd8d32348938e13de5eda962c0d7f89", [:mix], [], "hexpm", "08eb32d66b706e913ff748f11694b17981c0b04a33ef470e33e11b3d3ac8f54b"},
  "plug": {:hex, :plug, "1.11.1", "f2992bac66fdae679453c9e86134a4201f6f43a687d8ff1cd1b2862d53c80259", [:mix], [{:mime, "~> 1.0", [hex: :mime, repo: "hexpm", optional: false]}, {:plug_crypto, "~> 1.1.1 or ~> 1.2", [hex: :plug_crypto, repo: "hexpm", optional: false]}, {:telemetry, "~> 0.4", [hex: :telemetry, repo: "hexpm", optional: false]}], "hexpm", "23524e4fefbb587c11f0833b3910bfb414bf2e2534d61928e920f54e3a1b881f"},
  "plug_crypto": {:hex, :plug_crypto, "1.2.1", "5c854427528bf61d159855cedddffc0625e2228b5f30eff76d5a4de42d896ef4", [:mix], [], "hexpm", "6961c0e17febd9d0bfa89632d391d2545d2e0eb73768f5f50305a23961d8782c"},
  "stream_data": {:hex, :stream_data, "0.5.0", "b27641e58941685c75b353577dc602c9d2c12292dd84babf506c2033cd97893e", [:mix], [], "hexpm", "012bd2eec069ada4db3411f9115ccafa38540a3c78c4c0349f151fc761b9e271"},
  "telemetry": {:hex, :telemetry, "0.4.3", "a06428a514bdbc63293cd9a6263aad00ddeb66f608163bdec7c8995784080818", [:rebar3], [], "hexpm", "eb72b8365ffda5bed68a620d1da88525e326cb82a75ee61354fc24b844768041"},
}
